// !$*UTF8*$!
{
	archiveVersion = 1;
	classes = {
	};
	objectVersion = 50;
	objects = {

/* Begin PBXBuildFile section */
		2BC0321B21FF8BD500C850E4 /* Runner.cpp in Sources */ = {isa = PBXBuildFile; fileRef = 2BC0321A21FF8BD500C850E4 /* Runner.cpp */; };
		2BC0321E21FF8C2E00C850E4 /* Controller.cpp in Sources */ = {isa = PBXBuildFile; fileRef = 2BC0321C21FF8C2E00C850E4 /* Controller.cpp */; };
		2BE3E33C220A278500DC2C71 /* Timer.cpp in Sources */ = {isa = PBXBuildFile; fileRef = 2BE3E33B220A278500DC2C71 /* Timer.cpp */; };
		2BE3E33E220A27DF00DC2C71 /* CrimeData.cpp in Sources */ = {isa = PBXBuildFile; fileRef = 2BE3E33D220A27DF00DC2C71 /* CrimeData.cpp */; };
		2BE3E341220A27F300DC2C71 /* Music.cpp in Sources */ = {isa = PBXBuildFile; fileRef = 2BE3E340220A27F300DC2C71 /* Music.cpp */; };
		2BE3E347220A2CD600DC2C71 /* FileController.cpp in Sources */ = {isa = PBXBuildFile; fileRef = 2BE3E345220A2CD600DC2C71 /* FileController.cpp */; };
		2BFC71DF2214AE9F00E99AA2 /* LinearTester.cpp in Sources */ = {isa = PBXBuildFile; fileRef = 2BFC71DD2214AE9F00E99AA2 /* LinearTester.cpp */; };
/* End PBXBuildFile section */

/* Begin PBXCopyFilesBuildPhase section */
		2BC0320A21FF8B5A00C850E4 /* CopyFiles */ = {
			isa = PBXCopyFilesBuildPhase;
			buildActionMask = 2147483647;
			dstPath = /usr/share/man/man1/;
			dstSubfolderSpec = 0;
			files = (
			);
			runOnlyForDeploymentPostprocessing = 1;
		};
/* End PBXCopyFilesBuildPhase section */

/* Begin PBXFileReference section */
		2B5E704E220CBBF600210368 /* List.h */ = {isa = PBXFileReference; lastKnownFileType = sourcecode.c.h; path = List.h; sourceTree = "<group>"; };
		2B5E7050220CC66100210368 /* LinkedList.hpp */ = {isa = PBXFileReference; lastKnownFileType = sourcecode.cpp.h; path = LinkedList.hpp; sourceTree = "<group>"; };
		2B60AA68221F2859007BDBE4 /* DoubleNode.h */ = {isa = PBXFileReference; lastKnownFileType = sourcecode.c.h; path = DoubleNode.h; sourceTree = "<group>"; };
		2B60AA69221F2FA3007BDBE4 /* CircularList.h */ = {isa = PBXFileReference; lastKnownFileType = sourcecode.c.h; path = CircularList.h; sourceTree = "<group>"; };
		2B980AF12211FFE00063FDA4 /* music (1).csv */ = {isa = PBXFileReference; lastKnownFileType = text; path = "music (1).csv"; sourceTree = "<group>"; };
		2B980AF222120DA60063FDA4 /* Stack.h */ = {isa = PBXFileReference; lastKnownFileType = sourcecode.c.h; path = Stack.h; sourceTree = "<group>"; };
		2B980AF32212120D0063FDA4 /* Queue.h */ = {isa = PBXFileReference; lastKnownFileType = sourcecode.c.h; path = Queue.h; sourceTree = "<group>"; };
		2B9EE883220232A70041A4FD /* LinearNode.h */ = {isa = PBXFileReference; lastKnownFileType = sourcecode.c.h; path = LinearNode.h; sourceTree = "<group>"; };
		2B9EE884220239940041A4FD /* Array.hpp */ = {isa = PBXFileReference; lastKnownFileType = sourcecode.cpp.h; path = Array.hpp; sourceTree = "<group>"; };
		2BC0320C21FF8B5A00C850E4 /* CPPDataStructure */ = {isa = PBXFileReference; explicitFileType = "compiled.mach-o.executable"; includeInIndex = 0; path = CPPDataStructure; sourceTree = BUILT_PRODUCTS_DIR; };
		2BC0321A21FF8BD500C850E4 /* Runner.cpp */ = {isa = PBXFileReference; lastKnownFileType = sourcecode.cpp.cpp; path = Runner.cpp; sourceTree = "<group>"; };
		2BC0321C21FF8C2E00C850E4 /* Controller.cpp */ = {isa = PBXFileReference; lastKnownFileType = sourcecode.cpp.cpp; path = Controller.cpp; sourceTree = "<group>"; };
		2BC0321D21FF8C2E00C850E4 /* Controller.hpp */ = {isa = PBXFileReference; lastKnownFileType = sourcecode.cpp.h; path = Controller.hpp; sourceTree = "<group>"; };
		2BC0322021FF913500C850E4 /* Node.hpp */ = {isa = PBXFileReference; lastKnownFileType = sourcecode.cpp.h; path = Node.hpp; sourceTree = "<group>"; };
		2BE3E33A220A278500DC2C71 /* Timer.hpp */ = {isa = PBXFileReference; fileEncoding = 4; lastKnownFileType = sourcecode.cpp.h; path = Timer.hpp; sourceTree = "<group>"; };
		2BE3E33B220A278500DC2C71 /* Timer.cpp */ = {isa = PBXFileReference; fileEncoding = 4; lastKnownFileType = sourcecode.cpp.cpp; path = Timer.cpp; sourceTree = "<group>"; };
		2BE3E33D220A27DF00DC2C71 /* CrimeData.cpp */ = {isa = PBXFileReference; fileEncoding = 4; lastKnownFileType = sourcecode.cpp.cpp; path = CrimeData.cpp; sourceTree = "<group>"; };
		2BE3E33F220A27E700DC2C71 /* CrimeData.hpp */ = {isa = PBXFileReference; lastKnownFileType = sourcecode.cpp.h; path = CrimeData.hpp; sourceTree = "<group>"; };
		2BE3E340220A27F300DC2C71 /* Music.cpp */ = {isa = PBXFileReference; fileEncoding = 4; lastKnownFileType = sourcecode.cpp.cpp; path = Music.cpp; sourceTree = "<group>"; };
		2BE3E342220A27F800DC2C71 /* Music.hpp */ = {isa = PBXFileReference; lastKnownFileType = sourcecode.cpp.h; path = Music.hpp; sourceTree = "<group>"; };
		2BE3E343220A282000DC2C71 /* crime.csv */ = {isa = PBXFileReference; lastKnownFileType = text; path = crime.csv; sourceTree = "<group>"; };
		2BE3E345220A2CD600DC2C71 /* FileController.cpp */ = {isa = PBXFileReference; lastKnownFileType = sourcecode.cpp.cpp; path = FileController.cpp; sourceTree = "<group>"; };
		2BE3E346220A2CD600DC2C71 /* FileController.hpp */ = {isa = PBXFileReference; lastKnownFileType = sourcecode.cpp.h; path = FileController.hpp; sourceTree = "<group>"; };
		2BFC71DD2214AE9F00E99AA2 /* LinearTester.cpp */ = {isa = PBXFileReference; lastKnownFileType = sourcecode.cpp.cpp; path = LinearTester.cpp; sourceTree = "<group>"; };
		2BFC71DE2214AE9F00E99AA2 /* LinearTester.hpp */ = {isa = PBXFileReference; lastKnownFileType = sourcecode.cpp.h; path = LinearTester.hpp; sourceTree = "<group>"; };
/* End PBXFileReference section */

/* Begin PBXFrameworksBuildPhase section */
		2BC0320921FF8B5A00C850E4 /* Frameworks */ = {
			isa = PBXFrameworksBuildPhase;
			buildActionMask = 2147483647;
			files = (
			);
			runOnlyForDeploymentPostprocessing = 0;
		};
/* End PBXFrameworksBuildPhase section */

/* Begin PBXGroup section */
		2B9EE881220226890041A4FD /* Nodes */ = {
			isa = PBXGroup;
			children = (
				2BC0322021FF913500C850E4 /* Node.hpp */,
				2B9EE883220232A70041A4FD /* LinearNode.h */,
				2B60AA68221F2859007BDBE4 /* DoubleNode.h */,
				2B60AA69221F2FA3007BDBE4 /* CircularList.h */,
			);
			path = Nodes;
			sourceTree = "<group>";
		};
		2B9EE882220226950041A4FD /* Linear */ = {
			isa = PBXGroup;
			children = (
				2B9EE884220239940041A4FD /* Array.hpp */,
				2B5E704E220CBBF600210368 /* List.h */,
				2B5E7050220CC66100210368 /* LinkedList.hpp */,
				2B980AF222120DA60063FDA4 /* Stack.h */,
				2B980AF32212120D0063FDA4 /* Queue.h */,
			);
			path = Linear;
			sourceTree = "<group>";
		};
		2BC0320321FF8B5A00C850E4 = {
			isa = PBXGroup;
			children = (
				2BC0320E21FF8B5A00C850E4 /* CPPDataStructure */,
				2BC0320D21FF8B5A00C850E4 /* Products */,
			);
			sourceTree = "<group>";
		};
		2BC0320D21FF8B5A00C850E4 /* Products */ = {
			isa = PBXGroup;
			children = (
				2BC0320C21FF8B5A00C850E4 /* CPPDataStructure */,
			);
			name = Products;
			sourceTree = "<group>";
		};
		2BC0320E21FF8B5A00C850E4 /* CPPDataStructure */ = {
			isa = PBXGroup;
			children = (
				2BFC71DC2214AE7500E99AA2 /* Testers */,
				2BC0321621FF8B6600C850E4 /* Model */,
				2BC0321821FF8B7800C850E4 /* Controller */,
				2BC0321721FF8B7300C850E4 /* Diagrams */,
				2BC0321921FF8B9400C850E4 /* Resources */,
			);
			path = CPPDataStructure;
			sourceTree = "<group>";
		};
		2BC0321621FF8B6600C850E4 /* Model */ = {
			isa = PBXGroup;
			children = (
				2B9EE882220226950041A4FD /* Linear */,
				2B9EE881220226890041A4FD /* Nodes */,
			);
			path = Model;
			sourceTree = "<group>";
		};
		2BC0321721FF8B7300C850E4 /* Diagrams */ = {
			isa = PBXGroup;
			children = (
			);
			path = Diagrams;
			sourceTree = "<group>";
		};
		2BC0321821FF8B7800C850E4 /* Controller */ = {
			isa = PBXGroup;
			children = (
				2BE3E339220A275A00DC2C71 /* Tools */,
				2BC0321A21FF8BD500C850E4 /* Runner.cpp */,
				2BC0321C21FF8C2E00C850E4 /* Controller.cpp */,
				2BC0321D21FF8C2E00C850E4 /* Controller.hpp */,
				2BE3E345220A2CD600DC2C71 /* FileController.cpp */,
				2BE3E346220A2CD600DC2C71 /* FileController.hpp */,
			);
			path = Controller;
			sourceTree = "<group>";
		};
		2BC0321921FF8B9400C850E4 /* Resources */ = {
			isa = PBXGroup;
			children = (
				2B980AF12211FFE00063FDA4 /* music (1).csv */,
				2BE3E343220A282000DC2C71 /* crime.csv */,
				2BE3E342220A27F800DC2C71 /* Music.hpp */,
				2BE3E340220A27F300DC2C71 /* Music.cpp */,
				2BE3E33F220A27E700DC2C71 /* CrimeData.hpp */,
				2BE3E33D220A27DF00DC2C71 /* CrimeData.cpp */,
			);
			path = Resources;
			sourceTree = "<group>";
		};
		2BE3E339220A275A00DC2C71 /* Tools */ = {
			isa = PBXGroup;
			children = (
				2BE3E33B220A278500DC2C71 /* Timer.cpp */,
				2BE3E33A220A278500DC2C71 /* Timer.hpp */,
			);
			path = Tools;
			sourceTree = "<group>";
		};
		2BFC71DC2214AE7500E99AA2 /* Testers */ = {
			isa = PBXGroup;
			children = (
				2BFC71DD2214AE9F00E99AA2 /* LinearTester.cpp */,
				2BFC71DE2214AE9F00E99AA2 /* LinearTester.hpp */,
			);
			path = Testers;
			sourceTree = "<group>";
		};
/* End PBXGroup section */

/* Begin PBXNativeTarget section */
		2BC0320B21FF8B5A00C850E4 /* CPPDataStructure */ = {
			isa = PBXNativeTarget;
			buildConfigurationList = 2BC0321321FF8B5A00C850E4 /* Build configuration list for PBXNativeTarget "CPPDataStructure" */;
			buildPhases = (
				2BC0320821FF8B5A00C850E4 /* Sources */,
				2BC0320921FF8B5A00C850E4 /* Frameworks */,
				2BC0320A21FF8B5A00C850E4 /* CopyFiles */,
			);
			buildRules = (
			);
			dependencies = (
			);
			name = CPPDataStructure;
			productName = CPPDataStructure;
			productReference = 2BC0320C21FF8B5A00C850E4 /* CPPDataStructure */;
			productType = "com.apple.product-type.tool";
		};
/* End PBXNativeTarget section */

/* Begin PBXProject section */
		2BC0320421FF8B5A00C850E4 /* Project object */ = {
			isa = PBXProject;
			attributes = {
				LastUpgradeCheck = 0940;
				ORGANIZATIONNAME = CTEC;
				TargetAttributes = {
					2BC0320B21FF8B5A00C850E4 = {
						CreatedOnToolsVersion = 9.4.1;
					};
				};
			};
			buildConfigurationList = 2BC0320721FF8B5A00C850E4 /* Build configuration list for PBXProject "CPPDataStructure" */;
			compatibilityVersion = "Xcode 9.3";
			developmentRegion = en;
			hasScannedForEncodings = 0;
			knownRegions = (
				en,
			);
			mainGroup = 2BC0320321FF8B5A00C850E4;
			productRefGroup = 2BC0320D21FF8B5A00C850E4 /* Products */;
			projectDirPath = "";
			projectRoot = "";
			targets = (
				2BC0320B21FF8B5A00C850E4 /* CPPDataStructure */,
			);
		};
/* End PBXProject section */

/* Begin PBXSourcesBuildPhase section */
		2BC0320821FF8B5A00C850E4 /* Sources */ = {
			isa = PBXSourcesBuildPhase;
			buildActionMask = 2147483647;
			files = (
				2BE3E341220A27F300DC2C71 /* Music.cpp in Sources */,
				2BE3E33E220A27DF00DC2C71 /* CrimeData.cpp in Sources */,
				2BE3E33C220A278500DC2C71 /* Timer.cpp in Sources */,
				2BC0321B21FF8BD500C850E4 /* Runner.cpp in Sources */,
				2BC0321E21FF8C2E00C850E4 /* Controller.cpp in Sources */,
				2BE3E347220A2CD600DC2C71 /* FileController.cpp in Sources */,
				2BFC71DF2214AE9F00E99AA2 /* LinearTester.cpp in Sources */,
			);
			runOnlyForDeploymentPostprocessing = 0;
		};
/* End PBXSourcesBuildPhase section */

/* Begin XCBuildConfiguration section */
		2BC0321121FF8B5A00C850E4 /* Debug */ = {
			isa = XCBuildConfiguration;
			buildSettings = {
				ALWAYS_SEARCH_USER_PATHS = NO;
				CLANG_ANALYZER_NONNULL = YES;
				CLANG_ANALYZER_NUMBER_OBJECT_CONVERSION = YES_AGGRESSIVE;
				CLANG_CXX_LANGUAGE_STANDARD = "gnu++14";
				CLANG_CXX_LIBRARY = "libc++";
				CLANG_ENABLE_MODULES = YES;
				CLANG_ENABLE_OBJC_ARC = YES;
				CLANG_ENABLE_OBJC_WEAK = YES;
				CLANG_WARN_BLOCK_CAPTURE_AUTORELEASING = YES;
				CLANG_WARN_BOOL_CONVERSION = YES;
				CLANG_WARN_COMMA = YES;
				CLANG_WARN_CONSTANT_CONVERSION = YES;
				CLANG_WARN_DEPRECATED_OBJC_IMPLEMENTATIONS = YES;
				CLANG_WARN_DIRECT_OBJC_ISA_USAGE = YES_ERROR;
				CLANG_WARN_DOCUMENTATION_COMMENTS = YES;
				CLANG_WARN_EMPTY_BODY = YES;
				CLANG_WARN_ENUM_CONVERSION = YES;
				CLANG_WARN_INFINITE_RECURSION = YES;
				CLANG_WARN_INT_CONVERSION = YES;
				CLANG_WARN_NON_LITERAL_NULL_CONVERSION = YES;
				CLANG_WARN_OBJC_IMPLICIT_RETAIN_SELF = YES;
				CLANG_WARN_OBJC_LITERAL_CONVERSION = YES;
				CLANG_WARN_OBJC_ROOT_CLASS = YES_ERROR;
				CLANG_WARN_RANGE_LOOP_ANALYSIS = YES;
				CLANG_WARN_STRICT_PROTOTYPES = YES;
				CLANG_WARN_SUSPICIOUS_MOVE = YES;
				CLANG_WARN_UNGUARDED_AVAILABILITY = YES_AGGRESSIVE;
				CLANG_WARN_UNREACHABLE_CODE = YES;
				CLANG_WARN__DUPLICATE_METHOD_MATCH = YES;
				CODE_SIGN_IDENTITY = "-";
				COPY_PHASE_STRIP = NO;
				DEBUG_INFORMATION_FORMAT = dwarf;
				ENABLE_STRICT_OBJC_MSGSEND = YES;
				ENABLE_TESTABILITY = YES;
				GCC_C_LANGUAGE_STANDARD = gnu11;
				GCC_DYNAMIC_NO_PIC = NO;
				GCC_NO_COMMON_BLOCKS = YES;
				GCC_OPTIMIZATION_LEVEL = 0;
				GCC_PREPROCESSOR_DEFINITIONS = (
					"DEBUG=1",
					"$(inherited)",
				);
				GCC_WARN_64_TO_32_BIT_CONVERSION = YES;
				GCC_WARN_ABOUT_RETURN_TYPE = YES_ERROR;
				GCC_WARN_UNDECLARED_SELECTOR = YES;
				GCC_WARN_UNINITIALIZED_AUTOS = YES_AGGRESSIVE;
				GCC_WARN_UNUSED_FUNCTION = YES;
				GCC_WARN_UNUSED_VARIABLE = YES;
				MACOSX_DEPLOYMENT_TARGET = 10.13;
				MTL_ENABLE_DEBUG_INFO = YES;
				ONLY_ACTIVE_ARCH = YES;
				SDKROOT = macosx;
			};
			name = Debug;
		};
		2BC0321221FF8B5A00C850E4 /* Release */ = {
			isa = XCBuildConfiguration;
			buildSettings = {
				ALWAYS_SEARCH_USER_PATHS = NO;
				CLANG_ANALYZER_NONNULL = YES;
				CLANG_ANALYZER_NUMBER_OBJECT_CONVERSION = YES_AGGRESSIVE;
				CLANG_CXX_LANGUAGE_STANDARD = "gnu++14";
				CLANG_CXX_LIBRARY = "libc++";
				CLANG_ENABLE_MODULES = YES;
				CLANG_ENABLE_OBJC_ARC = YES;
				CLANG_ENABLE_OBJC_WEAK = YES;
				CLANG_WARN_BLOCK_CAPTURE_AUTORELEASING = YES;
				CLANG_WARN_BOOL_CONVERSION = YES;
				CLANG_WARN_COMMA = YES;
				CLANG_WARN_CONSTANT_CONVERSION = YES;
				CLANG_WARN_DEPRECATED_OBJC_IMPLEMENTATIONS = YES;
				CLANG_WARN_DIRECT_OBJC_ISA_USAGE = YES_ERROR;
				CLANG_WARN_DOCUMENTATION_COMMENTS = YES;
				CLANG_WARN_EMPTY_BODY = YES;
				CLANG_WARN_ENUM_CONVERSION = YES;
				CLANG_WARN_INFINITE_RECURSION = YES;
				CLANG_WARN_INT_CONVERSION = YES;
				CLANG_WARN_NON_LITERAL_NULL_CONVERSION = YES;
				CLANG_WARN_OBJC_IMPLICIT_RETAIN_SELF = YES;
				CLANG_WARN_OBJC_LITERAL_CONVERSION = YES;
				CLANG_WARN_OBJC_ROOT_CLASS = YES_ERROR;
				CLANG_WARN_RANGE_LOOP_ANALYSIS = YES;
				CLANG_WARN_STRICT_PROTOTYPES = YES;
				CLANG_WARN_SUSPICIOUS_MOVE = YES;
				CLANG_WARN_UNGUARDED_AVAILABILITY = YES_AGGRESSIVE;
				CLANG_WARN_UNREACHABLE_CODE = YES;
				CLANG_WARN__DUPLICATE_METHOD_MATCH = YES;
				CODE_SIGN_IDENTITY = "-";
				COPY_PHASE_STRIP = NO;
				DEBUG_INFORMATION_FORMAT = "dwarf-with-dsym";
				ENABLE_NS_ASSERTIONS = NO;
				ENABLE_STRICT_OBJC_MSGSEND = YES;
				GCC_C_LANGUAGE_STANDARD = gnu11;
				GCC_NO_COMMON_BLOCKS = YES;
				GCC_WARN_64_TO_32_BIT_CONVERSION = YES;
				GCC_WARN_ABOUT_RETURN_TYPE = YES_ERROR;
				GCC_WARN_UNDECLARED_SELECTOR = YES;
				GCC_WARN_UNINITIALIZED_AUTOS = YES_AGGRESSIVE;
				GCC_WARN_UNUSED_FUNCTION = YES;
				GCC_WARN_UNUSED_VARIABLE = YES;
				MACOSX_DEPLOYMENT_TARGET = 10.13;
				MTL_ENABLE_DEBUG_INFO = NO;
				SDKROOT = macosx;
			};
			name = Release;
		};
		2BC0321421FF8B5A00C850E4 /* Debug */ = {
			isa = XCBuildConfiguration;
			buildSettings = {
				CODE_SIGN_STYLE = Manual;
				DEVELOPMENT_TEAM = "";
				PRODUCT_NAME = "$(TARGET_NAME)";
				PROVISIONING_PROFILE_SPECIFIER = "";
			};
			name = Debug;
		};
		2BC0321521FF8B5A00C850E4 /* Release */ = {
			isa = XCBuildConfiguration;
			buildSettings = {
				CODE_SIGN_STYLE = Manual;
				DEVELOPMENT_TEAM = "";
				PRODUCT_NAME = "$(TARGET_NAME)";
				PROVISIONING_PROFILE_SPECIFIER = "";
			};
			name = Release;
		};
/* End XCBuildConfiguration section */

/* Begin XCConfigurationList section */
		2BC0320721FF8B5A00C850E4 /* Build configuration list for PBXProject "CPPDataStructure" */ = {
			isa = XCConfigurationList;
			buildConfigurations = (
				2BC0321121FF8B5A00C850E4 /* Debug */,
				2BC0321221FF8B5A00C850E4 /* Release */,
			);
			defaultConfigurationIsVisible = 0;
			defaultConfigurationName = Release;
		};
		2BC0321321FF8B5A00C850E4 /* Build configuration list for PBXNativeTarget "CPPDataStructure" */ = {
			isa = XCConfigurationList;
			buildConfigurations = (
				2BC0321421FF8B5A00C850E4 /* Debug */,
				2BC0321521FF8B5A00C850E4 /* Release */,
			);
			defaultConfigurationIsVisible = 0;
			defaultConfigurationName = Release;
		};
/* End XCConfigurationList section */
	};
	rootObject = 2BC0320421FF8B5A00C850E4 /* Project object */;
}
